// !$*UTF8*$!
{
	archiveVersion = 1;
	classes = {
	};
	objectVersion = 46;
	objects = {

/* Begin PBXBuildFile section */
		102DCA3C1F378CCB003D386F /* winIcon.png in Resources */ = {isa = PBXBuildFile; fileRef = 102DCA321F378CCB003D386F /* winIcon.png */; };
		102DCA3D1F378CCB003D386F /* whitebackground.png in Resources */ = {isa = PBXBuildFile; fileRef = 102DCA331F378CCB003D386F /* whitebackground.png */; };
		102DCA3E1F378CCB003D386F /* splash.png in Resources */ = {isa = PBXBuildFile; fileRef = 102DCA341F378CCB003D386F /* splash.png */; };
		102DCA3F1F378CCB003D386F /* onetime.png in Resources */ = {isa = PBXBuildFile; fileRef = 102DCA351F378CCB003D386F /* onetime.png */; };
		102DCA401F378CCB003D386F /* loginLogo.png in Resources */ = {isa = PBXBuildFile; fileRef = 102DCA361F378CCB003D386F /* loginLogo.png */; };
		102DCA411F378CCB003D386F /* goldWinIcon.png in Resources */ = {isa = PBXBuildFile; fileRef = 102DCA371F378CCB003D386F /* goldWinIcon.png */; };
		102DCA421F378CCB003D386F /* fbButton.png in Resources */ = {isa = PBXBuildFile; fileRef = 102DCA381F378CCB003D386F /* fbButton.png */; };
		102DCA431F378CCB003D386F /* blueStar.png in Resources */ = {isa = PBXBuildFile; fileRef = 102DCA391F378CCB003D386F /* blueStar.png */; };
		102DCA441F378CCB003D386F /* blueCircle.png in Resources */ = {isa = PBXBuildFile; fileRef = 102DCA3A1F378CCB003D386F /* blueCircle.png */; };
		102DCA451F378CCB003D386F /* bidButton.png in Resources */ = {isa = PBXBuildFile; fileRef = 102DCA3B1F378CCB003D386F /* bidButton.png */; };
		102DCA471F3790B2003D386F /* ha.png in Resources */ = {isa = PBXBuildFile; fileRef = 102DCA461F3790B2003D386F /* ha.png */; };
		108DFA9F1F3629C100798E9F /* WishListController.swift in Sources */ = {isa = PBXBuildFile; fileRef = 108DFA9E1F3629C100798E9F /* WishListController.swift */; };
		108DFAA11F36429D00798E9F /* WinPageViewController.swift in Sources */ = {isa = PBXBuildFile; fileRef = 108DFAA01F36429D00798E9F /* WinPageViewController.swift */; };
		108DFAA31F3652EF00798E9F /* ClaimWinViewController.swift in Sources */ = {isa = PBXBuildFile; fileRef = 108DFAA21F3652EF00798E9F /* ClaimWinViewController.swift */; };
		108DFAA71F36A4E900798E9F /* FormView.swift in Sources */ = {isa = PBXBuildFile; fileRef = 108DFAA61F36A4E900798E9F /* FormView.swift */; };
		123A9E7E3986150AB25A0B69 /* Pods_LuckyDuck.framework in Frameworks */ = {isa = PBXBuildFile; fileRef = 06450579768737B5ACEA96DF /* Pods_LuckyDuck.framework */; };
		5F3945501EF8378700FD6649 /* GoogleService-Info.plist in Resources */ = {isa = PBXBuildFile; fileRef = 5F39454F1EF8378700FD6649 /* GoogleService-Info.plist */; };
		5F3FCFFD1F15B585007BD6C2 /* PickerCell.swift in Sources */ = {isa = PBXBuildFile; fileRef = 5F3FCFFC1F15B585007BD6C2 /* PickerCell.swift */; };
		5F474E211EF1AB560086F9C4 /* MainPageTableController.swift in Sources */ = {isa = PBXBuildFile; fileRef = 5F474E201EF1AB560086F9C4 /* MainPageTableController.swift */; };
		5F860B391F13118400879345 /* InfoViewController.swift in Sources */ = {isa = PBXBuildFile; fileRef = 5F860B381F13118400879345 /* InfoViewController.swift */; };
		5F8F18171EEB24FF003D2579 /* AppDelegate.swift in Sources */ = {isa = PBXBuildFile; fileRef = 5F8F18161EEB24FF003D2579 /* AppDelegate.swift */; };
		5F8F18191EEB24FF003D2579 /* FirstViewController.swift in Sources */ = {isa = PBXBuildFile; fileRef = 5F8F18181EEB24FF003D2579 /* FirstViewController.swift */; };
		5F8F181B1EEB24FF003D2579 /* SecondViewController.swift in Sources */ = {isa = PBXBuildFile; fileRef = 5F8F181A1EEB24FF003D2579 /* SecondViewController.swift */; };
		5F8F181E1EEB24FF003D2579 /* Main.storyboard in Resources */ = {isa = PBXBuildFile; fileRef = 5F8F181C1EEB24FF003D2579 /* Main.storyboard */; };
		5F8F18201EEB24FF003D2579 /* Assets.xcassets in Resources */ = {isa = PBXBuildFile; fileRef = 5F8F181F1EEB24FF003D2579 /* Assets.xcassets */; };
		5F8F18231EEB24FF003D2579 /* LaunchScreen.storyboard in Resources */ = {isa = PBXBuildFile; fileRef = 5F8F18211EEB24FF003D2579 /* LaunchScreen.storyboard */; };
		5F952EC51F252E0900D6BE60 /* Login.swift in Sources */ = {isa = PBXBuildFile; fileRef = 5F952EC41F252E0900D6BE60 /* Login.swift */; };
		5F952EC71F25334400D6BE60 /* FBSDKLoginKit in Frameworks */ = {isa = PBXBuildFile; fileRef = 5F952EC61F25334400D6BE60 /* FBSDKLoginKit */; };
		5FDAE18A1EF0470A008052D6 /* EventCell.swift in Sources */ = {isa = PBXBuildFile; fileRef = 5FDAE1891EF0470A008052D6 /* EventCell.swift */; };
		5FDAE18C1EF05603008052D6 /* EventTable.swift in Sources */ = {isa = PBXBuildFile; fileRef = 5FDAE18B1EF05603008052D6 /* EventTable.swift */; };
/* End PBXBuildFile section */

/* Begin PBXFileReference section */
		06450579768737B5ACEA96DF /* Pods_LuckyDuck.framework */ = {isa = PBXFileReference; explicitFileType = wrapper.framework; includeInIndex = 0; path = Pods_LuckyDuck.framework; sourceTree = BUILT_PRODUCTS_DIR; };
		102DCA321F378CCB003D386F /* winIcon.png */ = {isa = PBXFileReference; lastKnownFileType = image.png; path = winIcon.png; sourceTree = "<group>"; };
		102DCA331F378CCB003D386F /* whitebackground.png */ = {isa = PBXFileReference; lastKnownFileType = image.png; path = whitebackground.png; sourceTree = "<group>"; };
		102DCA341F378CCB003D386F /* splash.png */ = {isa = PBXFileReference; lastKnownFileType = image.png; path = splash.png; sourceTree = "<group>"; };
		102DCA351F378CCB003D386F /* onetime.png */ = {isa = PBXFileReference; lastKnownFileType = image.png; path = onetime.png; sourceTree = "<group>"; };
		102DCA361F378CCB003D386F /* loginLogo.png */ = {isa = PBXFileReference; lastKnownFileType = image.png; path = loginLogo.png; sourceTree = "<group>"; };
		102DCA371F378CCB003D386F /* goldWinIcon.png */ = {isa = PBXFileReference; lastKnownFileType = image.png; path = goldWinIcon.png; sourceTree = "<group>"; };
		102DCA381F378CCB003D386F /* fbButton.png */ = {isa = PBXFileReference; lastKnownFileType = image.png; path = fbButton.png; sourceTree = "<group>"; };
		102DCA391F378CCB003D386F /* blueStar.png */ = {isa = PBXFileReference; lastKnownFileType = image.png; path = blueStar.png; sourceTree = "<group>"; };
		102DCA3A1F378CCB003D386F /* blueCircle.png */ = {isa = PBXFileReference; lastKnownFileType = image.png; path = blueCircle.png; sourceTree = "<group>"; };
		102DCA3B1F378CCB003D386F /* bidButton.png */ = {isa = PBXFileReference; lastKnownFileType = image.png; path = bidButton.png; sourceTree = "<group>"; };
		102DCA461F3790B2003D386F /* ha.png */ = {isa = PBXFileReference; lastKnownFileType = image.png; path = ha.png; sourceTree = "<group>"; };
		108DFA9E1F3629C100798E9F /* WishListController.swift */ = {isa = PBXFileReference; fileEncoding = 4; lastKnownFileType = sourcecode.swift; path = WishListController.swift; sourceTree = "<group>"; };
		108DFAA01F36429D00798E9F /* WinPageViewController.swift */ = {isa = PBXFileReference; fileEncoding = 4; lastKnownFileType = sourcecode.swift; path = WinPageViewController.swift; sourceTree = "<group>"; };
		108DFAA21F3652EF00798E9F /* ClaimWinViewController.swift */ = {isa = PBXFileReference; fileEncoding = 4; lastKnownFileType = sourcecode.swift; path = ClaimWinViewController.swift; sourceTree = "<group>"; };
		108DFAA61F36A4E900798E9F /* FormView.swift */ = {isa = PBXFileReference; fileEncoding = 4; lastKnownFileType = sourcecode.swift; path = FormView.swift; sourceTree = "<group>"; };
		28FE16E894E86D141F7582F8 /* Pods-LuckyDuck.debug.xcconfig */ = {isa = PBXFileReference; includeInIndex = 1; lastKnownFileType = text.xcconfig; name = "Pods-LuckyDuck.debug.xcconfig"; path = "Pods/Target Support Files/Pods-LuckyDuck/Pods-LuckyDuck.debug.xcconfig"; sourceTree = "<group>"; };
		5F39454F1EF8378700FD6649 /* GoogleService-Info.plist */ = {isa = PBXFileReference; fileEncoding = 4; lastKnownFileType = text.plist.xml; path = "GoogleService-Info.plist"; sourceTree = "<group>"; };
		5F3FCFFC1F15B585007BD6C2 /* PickerCell.swift */ = {isa = PBXFileReference; fileEncoding = 4; lastKnownFileType = sourcecode.swift; path = PickerCell.swift; sourceTree = "<group>"; };
		5F474E201EF1AB560086F9C4 /* MainPageTableController.swift */ = {isa = PBXFileReference; fileEncoding = 4; lastKnownFileType = sourcecode.swift; path = MainPageTableController.swift; sourceTree = "<group>"; };
		5F860B381F13118400879345 /* InfoViewController.swift */ = {isa = PBXFileReference; fileEncoding = 4; lastKnownFileType = sourcecode.swift; path = InfoViewController.swift; sourceTree = "<group>"; };
		5F8F18131EEB24FF003D2579 /* LuckyDuck.app */ = {isa = PBXFileReference; explicitFileType = wrapper.application; includeInIndex = 0; path = LuckyDuck.app; sourceTree = BUILT_PRODUCTS_DIR; };
		5F8F18161EEB24FF003D2579 /* AppDelegate.swift */ = {isa = PBXFileReference; lastKnownFileType = sourcecode.swift; path = AppDelegate.swift; sourceTree = "<group>"; };
		5F8F18181EEB24FF003D2579 /* FirstViewController.swift */ = {isa = PBXFileReference; lastKnownFileType = sourcecode.swift; path = FirstViewController.swift; sourceTree = "<group>"; };
		5F8F181A1EEB24FF003D2579 /* SecondViewController.swift */ = {isa = PBXFileReference; lastKnownFileType = sourcecode.swift; path = SecondViewController.swift; sourceTree = "<group>"; };
		5F8F181D1EEB24FF003D2579 /* Base */ = {isa = PBXFileReference; lastKnownFileType = file.storyboard; name = Base; path = Base.lproj/Main.storyboard; sourceTree = "<group>"; };
		5F8F181F1EEB24FF003D2579 /* Assets.xcassets */ = {isa = PBXFileReference; lastKnownFileType = folder.assetcatalog; path = Assets.xcassets; sourceTree = "<group>"; };
		5F8F18221EEB24FF003D2579 /* Base */ = {isa = PBXFileReference; lastKnownFileType = file.storyboard; name = Base; path = Base.lproj/LaunchScreen.storyboard; sourceTree = "<group>"; };
		5F8F18241EEB24FF003D2579 /* Info.plist */ = {isa = PBXFileReference; lastKnownFileType = text.plist.xml; path = Info.plist; sourceTree = "<group>"; };
		5F952EC41F252E0900D6BE60 /* Login.swift */ = {isa = PBXFileReference; fileEncoding = 4; lastKnownFileType = sourcecode.swift; path = Login.swift; sourceTree = "<group>"; };
		5F952EC61F25334400D6BE60 /* FBSDKLoginKit */ = {isa = PBXFileReference; lastKnownFileType = archive.ar; path = FBSDKLoginKit; sourceTree = "<group>"; };
		5FDAE1891EF0470A008052D6 /* EventCell.swift */ = {isa = PBXFileReference; fileEncoding = 4; lastKnownFileType = sourcecode.swift; path = EventCell.swift; sourceTree = "<group>"; };
		5FDAE18B1EF05603008052D6 /* EventTable.swift */ = {isa = PBXFileReference; fileEncoding = 4; lastKnownFileType = sourcecode.swift; path = EventTable.swift; sourceTree = "<group>"; };
		5FED40901F25930000BF1102 /* LuckyDuck.entitlements */ = {isa = PBXFileReference; lastKnownFileType = text.plist.entitlements; path = LuckyDuck.entitlements; sourceTree = "<group>"; };
		DB7CF79AD7814969EE52CD6C /* Pods-LuckyDuck.release.xcconfig */ = {isa = PBXFileReference; includeInIndex = 1; lastKnownFileType = text.xcconfig; name = "Pods-LuckyDuck.release.xcconfig"; path = "Pods/Target Support Files/Pods-LuckyDuck/Pods-LuckyDuck.release.xcconfig"; sourceTree = "<group>"; };
/* End PBXFileReference section */

/* Begin PBXFrameworksBuildPhase section */
		5F8F18101EEB24FF003D2579 /* Frameworks */ = {
			isa = PBXFrameworksBuildPhase;
			buildActionMask = 2147483647;
			files = (
				5F952EC71F25334400D6BE60 /* FBSDKLoginKit in Frameworks */,
				123A9E7E3986150AB25A0B69 /* Pods_LuckyDuck.framework in Frameworks */,
			);
			runOnlyForDeploymentPostprocessing = 0;
		};
/* End PBXFrameworksBuildPhase section */

/* Begin PBXGroup section */
		108DFA9D1F36222A00798E9F /* Pictures */ = {
			isa = PBXGroup;
			children = (
				102DCA461F3790B2003D386F /* ha.png */,
				102DCA321F378CCB003D386F /* winIcon.png */,
				102DCA331F378CCB003D386F /* whitebackground.png */,
				102DCA341F378CCB003D386F /* splash.png */,
				102DCA351F378CCB003D386F /* onetime.png */,
				102DCA361F378CCB003D386F /* loginLogo.png */,
				102DCA371F378CCB003D386F /* goldWinIcon.png */,
				102DCA381F378CCB003D386F /* fbButton.png */,
				102DCA391F378CCB003D386F /* blueStar.png */,
				102DCA3A1F378CCB003D386F /* blueCircle.png */,
				102DCA3B1F378CCB003D386F /* bidButton.png */,
			);
			name = Pictures;
			sourceTree = "<group>";
		};
		2DC1BB136CE6D9DF22CF3531 /* Frameworks */ = {
			isa = PBXGroup;
			children = (
				5F952EC61F25334400D6BE60 /* FBSDKLoginKit */,
				06450579768737B5ACEA96DF /* Pods_LuckyDuck.framework */,
			);
			name = Frameworks;
			sourceTree = "<group>";
		};
		3F729E761D8804E81CD5EBEF /* Pods */ = {
			isa = PBXGroup;
			children = (
				28FE16E894E86D141F7582F8 /* Pods-LuckyDuck.debug.xcconfig */,
				DB7CF79AD7814969EE52CD6C /* Pods-LuckyDuck.release.xcconfig */,
			);
			name = Pods;
			sourceTree = "<group>";
		};
		5F8F180A1EEB24FF003D2579 = {
			isa = PBXGroup;
			children = (
				5F8F18151EEB24FF003D2579 /* LuckyDuck */,
				5F8F18141EEB24FF003D2579 /* Products */,
				3F729E761D8804E81CD5EBEF /* Pods */,
				2DC1BB136CE6D9DF22CF3531 /* Frameworks */,
			);
			sourceTree = "<group>";
		};
		5F8F18141EEB24FF003D2579 /* Products */ = {
			isa = PBXGroup;
			children = (
				5F8F18131EEB24FF003D2579 /* LuckyDuck.app */,
			);
			name = Products;
			sourceTree = "<group>";
		};
		5F8F18151EEB24FF003D2579 /* LuckyDuck */ = {
			isa = PBXGroup;
			children = (
				5FED40901F25930000BF1102 /* LuckyDuck.entitlements */,
				5F8F181C1EEB24FF003D2579 /* Main.storyboard */,
				5F8F18161EEB24FF003D2579 /* AppDelegate.swift */,
				5F952EC41F252E0900D6BE60 /* Login.swift */,
				108DFAA61F36A4E900798E9F /* FormView.swift */,
				5F474E201EF1AB560086F9C4 /* MainPageTableController.swift */,
				5F860B381F13118400879345 /* InfoViewController.swift */,
				108DFA9E1F3629C100798E9F /* WishListController.swift */,
				108DFAA21F3652EF00798E9F /* ClaimWinViewController.swift */,
				108DFAA01F36429D00798E9F /* WinPageViewController.swift */,
				108DFA9D1F36222A00798E9F /* Pictures */,
				5FDAE18B1EF05603008052D6 /* EventTable.swift */,
				5F8F181A1EEB24FF003D2579 /* SecondViewController.swift */,
				5F8F18181EEB24FF003D2579 /* FirstViewController.swift */,
				5FDAE1891EF0470A008052D6 /* EventCell.swift */,
				5F3FCFFC1F15B585007BD6C2 /* PickerCell.swift */,
				5F8F181F1EEB24FF003D2579 /* Assets.xcassets */,
				5F8F18211EEB24FF003D2579 /* LaunchScreen.storyboard */,
				5F39454F1EF8378700FD6649 /* GoogleService-Info.plist */,
				5F8F18241EEB24FF003D2579 /* Info.plist */,
			);
			path = LuckyDuck;
			sourceTree = "<group>";
		};
/* End PBXGroup section */

/* Begin PBXNativeTarget section */
		5F8F18121EEB24FF003D2579 /* LuckyDuck */ = {
			isa = PBXNativeTarget;
			buildConfigurationList = 5F8F18271EEB24FF003D2579 /* Build configuration list for PBXNativeTarget "LuckyDuck" */;
			buildPhases = (
				A6C9B3843AF2362B9F1A9341 /* [CP] Check Pods Manifest.lock */,
				5F8F180F1EEB24FF003D2579 /* Sources */,
				5F8F18101EEB24FF003D2579 /* Frameworks */,
				5F8F18111EEB24FF003D2579 /* Resources */,
				0860D888230D2C2870012861 /* [CP] Embed Pods Frameworks */,
				63E1EEDFD2A88A4746A7C4F9 /* [CP] Copy Pods Resources */,
			);
			buildRules = (
			);
			dependencies = (
			);
			name = LuckyDuck;
			productName = LuckyDuck;
			productReference = 5F8F18131EEB24FF003D2579 /* LuckyDuck.app */;
			productType = "com.apple.product-type.application";
		};
/* End PBXNativeTarget section */

/* Begin PBXProject section */
		5F8F180B1EEB24FF003D2579 /* Project object */ = {
			isa = PBXProject;
			attributes = {
				LastSwiftUpdateCheck = 0830;
				LastUpgradeCheck = 0830;
				ORGANIZATIONNAME = "Jimmy Carney";
				TargetAttributes = {
					5F8F18121EEB24FF003D2579 = {
						CreatedOnToolsVersion = 8.3.2;
						DevelopmentTeam = 5KYX7246HH;
						ProvisioningStyle = Automatic;
						SystemCapabilities = {
							com.apple.Keychain = {
								enabled = 0;
							};
						};
					};
				};
			};
			buildConfigurationList = 5F8F180E1EEB24FF003D2579 /* Build configuration list for PBXProject "LuckyDuck" */;
			compatibilityVersion = "Xcode 3.2";
			developmentRegion = English;
			hasScannedForEncodings = 0;
			knownRegions = (
				en,
				Base,
			);
			mainGroup = 5F8F180A1EEB24FF003D2579;
			productRefGroup = 5F8F18141EEB24FF003D2579 /* Products */;
			projectDirPath = "";
			projectRoot = "";
			targets = (
				5F8F18121EEB24FF003D2579 /* LuckyDuck */,
			);
		};
/* End PBXProject section */

/* Begin PBXResourcesBuildPhase section */
		5F8F18111EEB24FF003D2579 /* Resources */ = {
			isa = PBXResourcesBuildPhase;
			buildActionMask = 2147483647;
			files = (
				102DCA401F378CCB003D386F /* loginLogo.png in Resources */,
				102DCA421F378CCB003D386F /* fbButton.png in Resources */,
				5F8F18231EEB24FF003D2579 /* LaunchScreen.storyboard in Resources */,
				102DCA3E1F378CCB003D386F /* splash.png in Resources */,
				102DCA441F378CCB003D386F /* blueCircle.png in Resources */,
				102DCA471F3790B2003D386F /* ha.png in Resources */,
				5F8F18201EEB24FF003D2579 /* Assets.xcassets in Resources */,
				102DCA431F378CCB003D386F /* blueStar.png in Resources */,
				5F8F181E1EEB24FF003D2579 /* Main.storyboard in Resources */,
				5F3945501EF8378700FD6649 /* GoogleService-Info.plist in Resources */,
				102DCA3C1F378CCB003D386F /* winIcon.png in Resources */,
				102DCA3D1F378CCB003D386F /* whitebackground.png in Resources */,
				102DCA451F378CCB003D386F /* bidButton.png in Resources */,
				102DCA3F1F378CCB003D386F /* onetime.png in Resources */,
				102DCA411F378CCB003D386F /* goldWinIcon.png in Resources */,
			);
			runOnlyForDeploymentPostprocessing = 0;
		};
/* End PBXResourcesBuildPhase section */

/* Begin PBXShellScriptBuildPhase section */
		0860D888230D2C2870012861 /* [CP] Embed Pods Frameworks */ = {
			isa = PBXShellScriptBuildPhase;
			buildActionMask = 2147483647;
			files = (
			);
			inputPaths = (
			);
			name = "[CP] Embed Pods Frameworks";
			outputPaths = (
			);
			runOnlyForDeploymentPostprocessing = 0;
			shellPath = /bin/sh;
			shellScript = "\"${SRCROOT}/Pods/Target Support Files/Pods-LuckyDuck/Pods-LuckyDuck-frameworks.sh\"\n";
			showEnvVarsInLog = 0;
		};
		63E1EEDFD2A88A4746A7C4F9 /* [CP] Copy Pods Resources */ = {
			isa = PBXShellScriptBuildPhase;
			buildActionMask = 2147483647;
			files = (
			);
			inputPaths = (
			);
			name = "[CP] Copy Pods Resources";
			outputPaths = (
			);
			runOnlyForDeploymentPostprocessing = 0;
			shellPath = /bin/sh;
			shellScript = "\"${SRCROOT}/Pods/Target Support Files/Pods-LuckyDuck/Pods-LuckyDuck-resources.sh\"\n";
			showEnvVarsInLog = 0;
		};
		A6C9B3843AF2362B9F1A9341 /* [CP] Check Pods Manifest.lock */ = {
			isa = PBXShellScriptBuildPhase;
			buildActionMask = 2147483647;
			files = (
			);
			inputPaths = (
			);
			name = "[CP] Check Pods Manifest.lock";
			outputPaths = (
			);
			runOnlyForDeploymentPostprocessing = 0;
			shellPath = /bin/sh;
			shellScript = "diff \"${PODS_PODFILE_DIR_PATH}/Podfile.lock\" \"${PODS_ROOT}/Manifest.lock\" > /dev/null\nif [ $? != 0 ] ; then\n    # print error to STDERR\n    echo \"error: The sandbox is not in sync with the Podfile.lock. Run 'pod install' or update your CocoaPods installation.\" >&2\n    exit 1\nfi\n";
			showEnvVarsInLog = 0;
		};
/* End PBXShellScriptBuildPhase section */

/* Begin PBXSourcesBuildPhase section */
		5F8F180F1EEB24FF003D2579 /* Sources */ = {
			isa = PBXSourcesBuildPhase;
			buildActionMask = 2147483647;
			files = (
				108DFAA71F36A4E900798E9F /* FormView.swift in Sources */,
				108DFAA11F36429D00798E9F /* WinPageViewController.swift in Sources */,
				5F474E211EF1AB560086F9C4 /* MainPageTableController.swift in Sources */,
				5F952EC51F252E0900D6BE60 /* Login.swift in Sources */,
				5F8F181B1EEB24FF003D2579 /* SecondViewController.swift in Sources */,
				5FDAE18C1EF05603008052D6 /* EventTable.swift in Sources */,
				108DFA9F1F3629C100798E9F /* WishListController.swift in Sources */,
				5F860B391F13118400879345 /* InfoViewController.swift in Sources */,
				5F3FCFFD1F15B585007BD6C2 /* PickerCell.swift in Sources */,
				5F8F18171EEB24FF003D2579 /* AppDelegate.swift in Sources */,
				5FDAE18A1EF0470A008052D6 /* EventCell.swift in Sources */,
				108DFAA31F3652EF00798E9F /* ClaimWinViewController.swift in Sources */,
				5F8F18191EEB24FF003D2579 /* FirstViewController.swift in Sources */,
			);
			runOnlyForDeploymentPostprocessing = 0;
		};
/* End PBXSourcesBuildPhase section */

/* Begin PBXVariantGroup section */
		5F8F181C1EEB24FF003D2579 /* Main.storyboard */ = {
			isa = PBXVariantGroup;
			children = (
				5F8F181D1EEB24FF003D2579 /* Base */,
			);
			name = Main.storyboard;
			sourceTree = "<group>";
		};
		5F8F18211EEB24FF003D2579 /* LaunchScreen.storyboard */ = {
			isa = PBXVariantGroup;
			children = (
				5F8F18221EEB24FF003D2579 /* Base */,
			);
			name = LaunchScreen.storyboard;
			sourceTree = "<group>";
		};
/* End PBXVariantGroup section */

/* Begin XCBuildConfiguration section */
		5F8F18251EEB24FF003D2579 /* Debug */ = {
			isa = XCBuildConfiguration;
			buildSettings = {
				ALWAYS_SEARCH_USER_PATHS = NO;
				CLANG_ANALYZER_NONNULL = YES;
				CLANG_ANALYZER_NUMBER_OBJECT_CONVERSION = YES_AGGRESSIVE;
				CLANG_CXX_LANGUAGE_STANDARD = "gnu++0x";
				CLANG_CXX_LIBRARY = "libc++";
				CLANG_ENABLE_MODULES = YES;
				CLANG_ENABLE_OBJC_ARC = YES;
				CLANG_WARN_BOOL_CONVERSION = YES;
				CLANG_WARN_CONSTANT_CONVERSION = YES;
				CLANG_WARN_DIRECT_OBJC_ISA_USAGE = YES_ERROR;
				CLANG_WARN_DOCUMENTATION_COMMENTS = YES;
				CLANG_WARN_EMPTY_BODY = YES;
				CLANG_WARN_ENUM_CONVERSION = YES;
				CLANG_WARN_INFINITE_RECURSION = YES;
				CLANG_WARN_INT_CONVERSION = YES;
				CLANG_WARN_OBJC_ROOT_CLASS = YES_ERROR;
				CLANG_WARN_SUSPICIOUS_MOVE = YES;
				CLANG_WARN_UNREACHABLE_CODE = YES;
				CLANG_WARN__DUPLICATE_METHOD_MATCH = YES;
				"CODE_SIGN_IDENTITY[sdk=iphoneos*]" = "iPhone Developer";
				COPY_PHASE_STRIP = NO;
				DEBUG_INFORMATION_FORMAT = dwarf;
				ENABLE_STRICT_OBJC_MSGSEND = YES;
				ENABLE_TESTABILITY = YES;
				GCC_C_LANGUAGE_STANDARD = gnu99;
				GCC_DYNAMIC_NO_PIC = NO;
				GCC_NO_COMMON_BLOCKS = YES;
				GCC_OPTIMIZATION_LEVEL = 0;
				GCC_PREPROCESSOR_DEFINITIONS = (
					"DEBUG=1",
					"$(inherited)",
				);
				GCC_WARN_64_TO_32_BIT_CONVERSION = YES;
				GCC_WARN_ABOUT_RETURN_TYPE = YES_ERROR;
				GCC_WARN_UNDECLARED_SELECTOR = YES;
				GCC_WARN_UNINITIALIZED_AUTOS = YES_AGGRESSIVE;
				GCC_WARN_UNUSED_FUNCTION = YES;
				GCC_WARN_UNUSED_VARIABLE = YES;
				IPHONEOS_DEPLOYMENT_TARGET = 10.3;
				MTL_ENABLE_DEBUG_INFO = YES;
				ONLY_ACTIVE_ARCH = YES;
				SDKROOT = iphoneos;
				SWIFT_ACTIVE_COMPILATION_CONDITIONS = DEBUG;
				SWIFT_OPTIMIZATION_LEVEL = "-Onone";
			};
			name = Debug;
		};
		5F8F18261EEB24FF003D2579 /* Release */ = {
			isa = XCBuildConfiguration;
			buildSettings = {
				ALWAYS_SEARCH_USER_PATHS = NO;
				CLANG_ANALYZER_NONNULL = YES;
				CLANG_ANALYZER_NUMBER_OBJECT_CONVERSION = YES_AGGRESSIVE;
				CLANG_CXX_LANGUAGE_STANDARD = "gnu++0x";
				CLANG_CXX_LIBRARY = "libc++";
				CLANG_ENABLE_MODULES = YES;
				CLANG_ENABLE_OBJC_ARC = YES;
				CLANG_WARN_BOOL_CONVERSION = YES;
				CLANG_WARN_CONSTANT_CONVERSION = YES;
				CLANG_WARN_DIRECT_OBJC_ISA_USAGE = YES_ERROR;
				CLANG_WARN_DOCUMENTATION_COMMENTS = YES;
				CLANG_WARN_EMPTY_BODY = YES;
				CLANG_WARN_ENUM_CONVERSION = YES;
				CLANG_WARN_INFINITE_RECURSION = YES;
				CLANG_WARN_INT_CONVERSION = YES;
				CLANG_WARN_OBJC_ROOT_CLASS = YES_ERROR;
				CLANG_WARN_SUSPICIOUS_MOVE = YES;
				CLANG_WARN_UNREACHABLE_CODE = YES;
				CLANG_WARN__DUPLICATE_METHOD_MATCH = YES;
				"CODE_SIGN_IDENTITY[sdk=iphoneos*]" = "iPhone Developer";
				COPY_PHASE_STRIP = NO;
				DEBUG_INFORMATION_FORMAT = "dwarf-with-dsym";
				ENABLE_NS_ASSERTIONS = NO;
				ENABLE_STRICT_OBJC_MSGSEND = YES;
				GCC_C_LANGUAGE_STANDARD = gnu99;
				GCC_NO_COMMON_BLOCKS = YES;
				GCC_WARN_64_TO_32_BIT_CONVERSION = YES;
				GCC_WARN_ABOUT_RETURN_TYPE = YES_ERROR;
				GCC_WARN_UNDECLARED_SELECTOR = YES;
				GCC_WARN_UNINITIALIZED_AUTOS = YES_AGGRESSIVE;
				GCC_WARN_UNUSED_FUNCTION = YES;
				GCC_WARN_UNUSED_VARIABLE = YES;
				IPHONEOS_DEPLOYMENT_TARGET = 10.3;
				MTL_ENABLE_DEBUG_INFO = NO;
				"REEXPORTED_FRAMEWORK_NAMES[arch=*]" = "";
				SDKROOT = iphoneos;
				SWIFT_OPTIMIZATION_LEVEL = "-Owholemodule";
				VALIDATE_PRODUCT = YES;
			};
			name = Release;
		};
		5F8F18281EEB24FF003D2579 /* Debug */ = {
			isa = XCBuildConfiguration;
			baseConfigurationReference = 28FE16E894E86D141F7582F8 /* Pods-LuckyDuck.debug.xcconfig */;
			buildSettings = {
				ASSETCATALOG_COMPILER_APPICON_NAME = AppIcon;
				"CODE_SIGN_IDENTITY[sdk=iphoneos*]" = "iPhone Developer";
				DEVELOPMENT_TEAM = 5KYX7246HH;
				FRAMEWORK_SEARCH_PATHS = (
					"$(inherited)",
					"\"$PODS_CONFIGURATION_BUILD_DIR/GTMSessionFetcher\"",
					"\"$PODS_CONFIGURATION_BUILD_DIR/GoogleToolboxForMac\"",
					"\"${PODS_ROOT}/FirebaseAnalytics/Frameworks\"",
					"\"${PODS_ROOT}/FirebaseAuth/Frameworks\"",
					"\"${PODS_ROOT}/FirebaseCore/Frameworks\"",
					"\"${PODS_ROOT}/FirebaseDatabase/Frameworks\"",
					"\"${PODS_ROOT}/FirebaseInstanceID/Frameworks\"",
				);
				INFOPLIST_FILE = LuckyDuck/Info.plist;
				IPHONEOS_DEPLOYMENT_TARGET = 10.3;
				LD_RUNPATH_SEARCH_PATHS = "$(inherited) @executable_path/Frameworks";
				"LD_RUNPATH_SEARCH_PATHS[arch=*]" = "$(inherited) @executable_path/Frameworks";
				LIBRARY_SEARCH_PATHS = (
					"$(inherited)",
					"$(PROJECT_DIR)",
				);
				PRODUCT_BUNDLE_IDENTIFIER = jimmy.boomsauce;
				PRODUCT_NAME = "$(TARGET_NAME)";
				PROVISIONING_PROFILE_SPECIFIER = "";
				SWIFT_VERSION = 3.0;
			};
			name = Debug;
		};
		5F8F18291EEB24FF003D2579 /* Release */ = {
			isa = XCBuildConfiguration;
			baseConfigurationReference = DB7CF79AD7814969EE52CD6C /* Pods-LuckyDuck.release.xcconfig */;
			buildSettings = {
				ASSETCATALOG_COMPILER_APPICON_NAME = AppIcon;
				"CODE_SIGN_IDENTITY[sdk=iphoneos*]" = "iPhone Developer";
				DEVELOPMENT_TEAM = 5KYX7246HH;
				FRAMEWORK_SEARCH_PATHS = (
					"$(inherited)",
					"\"$PODS_CONFIGURATION_BUILD_DIR/GTMSessionFetcher\"",
					"\"$PODS_CONFIGURATION_BUILD_DIR/GoogleToolboxForMac\"",
					"\"${PODS_ROOT}/FirebaseAnalytics/Frameworks\"",
					"\"${PODS_ROOT}/FirebaseAuth/Frameworks\"",
					"\"${PODS_ROOT}/FirebaseCore/Frameworks\"",
					"\"${PODS_ROOT}/FirebaseDatabase/Frameworks\"",
					"\"${PODS_ROOT}/FirebaseInstanceID/Frameworks\"",
					"~/Documents/FacebookSDK",
				);
				"FRAMEWORK_SEARCH_PATHS[arch=*]" = (
					"$(inherited)",
					"\"$PODS_CONFIGURATION_BUILD_DIR/GTMSessionFetcher\"",
					"\"$PODS_CONFIGURATION_BUILD_DIR/GoogleToolboxForMac\"",
					"\"${PODS_ROOT}/FirebaseAnalytics/Frameworks\"",
					"\"${PODS_ROOT}/FirebaseAuth/Frameworks\"",
					"\"${PODS_ROOT}/FirebaseCore/Frameworks\"",
					"\"${PODS_ROOT}/FirebaseDatabase/Frameworks\"",
					"\"${PODS_ROOT}/FirebaseInstanceID/Frameworks\"",
				);
				INFOPLIST_FILE = LuckyDuck/Info.plist;
				IPHONEOS_DEPLOYMENT_TARGET = 10.3;
				LD_RUNPATH_SEARCH_PATHS = "$(inherited) @executable_path/Frameworks";
				"LD_RUNPATH_SEARCH_PATHS[arch=*]" = "$(inherited) @executable_path/Frameworks";
				LIBRARY_SEARCH_PATHS = (
					"$(inherited)",
					"$(PROJECT_DIR)",
				);
				PRODUCT_BUNDLE_IDENTIFIER = jimmy.boomsauce;
				PRODUCT_NAME = "$(TARGET_NAME)";
				PROVISIONING_PROFILE_SPECIFIER = "";
				SWIFT_VERSION = 3.0;
			};
			name = Release;
		};
/* End XCBuildConfiguration section */

/* Begin XCConfigurationList section */
		5F8F180E1EEB24FF003D2579 /* Build configuration list for PBXProject "LuckyDuck" */ = {
			isa = XCConfigurationList;
			buildConfigurations = (
				5F8F18251EEB24FF003D2579 /* Debug */,
				5F8F18261EEB24FF003D2579 /* Release */,
			);
			defaultConfigurationIsVisible = 0;
			defaultConfigurationName = Release;
		};
		5F8F18271EEB24FF003D2579 /* Build configuration list for PBXNativeTarget "LuckyDuck" */ = {
			isa = XCConfigurationList;
			buildConfigurations = (
				5F8F18281EEB24FF003D2579 /* Debug */,
				5F8F18291EEB24FF003D2579 /* Release */,
			);
			defaultConfigurationIsVisible = 0;
			defaultConfigurationName = Release;
		};
/* End XCConfigurationList section */
	};
	rootObject = 5F8F180B1EEB24FF003D2579 /* Project object */;
}
